// !$*UTF8*$!
{
	archiveVersion = 1;
	classes = {
	};
	objectVersion = 50;
	objects = {

/* Begin PBXBuildFile section */
		2200983721B7689800BC5ED2 /* SWCommentList.m in Sources */ = {isa = PBXBuildFile; fileRef = 2200983621B7689800BC5ED2 /* SWCommentList.m */; };
		2201C88021B65921004E1B24 /* ReleaseTextVC.m in Sources */ = {isa = PBXBuildFile; fileRef = 2201C87E21B65920004E1B24 /* ReleaseTextVC.m */; };
		2201C88121B65921004E1B24 /* ReleaseTextVC.xib in Resources */ = {isa = PBXBuildFile; fileRef = 2201C87F21B65921004E1B24 /* ReleaseTextVC.xib */; };
		2201C88521B65936004E1B24 /* ReleaseVideoVC.m in Sources */ = {isa = PBXBuildFile; fileRef = 2201C88321B65936004E1B24 /* ReleaseVideoVC.m */; };
		2201C88621B65936004E1B24 /* ReleaseVideoVC.xib in Resources */ = {isa = PBXBuildFile; fileRef = 2201C88421B65936004E1B24 /* ReleaseVideoVC.xib */; };
		2201C88A21B6594C004E1B24 /* ReleasePhotoVC.m in Sources */ = {isa = PBXBuildFile; fileRef = 2201C88821B6594C004E1B24 /* ReleasePhotoVC.m */; };
		2201C88B21B6594C004E1B24 /* ReleasePhotoVC.xib in Resources */ = {isa = PBXBuildFile; fileRef = 2201C88921B6594C004E1B24 /* ReleasePhotoVC.xib */; };
		2201C88E21B65AF1004E1B24 /* BaseViewController.m in Sources */ = {isa = PBXBuildFile; fileRef = 2201C88C21B65AF0004E1B24 /* BaseViewController.m */; };
		223700E621B516EE00408578 /* WXDataService.m in Sources */ = {isa = PBXBuildFile; fileRef = 223700E421B516EE00408578 /* WXDataService.m */; };
		22A2C6F421B10D5400706985 /* AppDelegate.m in Sources */ = {isa = PBXBuildFile; fileRef = 22A2C6F321B10D5400706985 /* AppDelegate.m */; };
		22A2C6F721B10D5500706985 /* ViewController.m in Sources */ = {isa = PBXBuildFile; fileRef = 22A2C6F621B10D5500706985 /* ViewController.m */; };
		22A2C6FA21B10D5500706985 /* Main.storyboard in Resources */ = {isa = PBXBuildFile; fileRef = 22A2C6F821B10D5500706985 /* Main.storyboard */; };
		22A2C6FC21B10D7800706985 /* Assets.xcassets in Resources */ = {isa = PBXBuildFile; fileRef = 22A2C6FB21B10D7800706985 /* Assets.xcassets */; };
		22A2C6FF21B10D7900706985 /* LaunchScreen.storyboard in Resources */ = {isa = PBXBuildFile; fileRef = 22A2C6FD21B10D7900706985 /* LaunchScreen.storyboard */; };
		22A2C70221B10D7900706985 /* main.m in Sources */ = {isa = PBXBuildFile; fileRef = 22A2C70121B10D7900706985 /* main.m */; };
		22A2C70C21B10D7900706985 /* XiangYinTests.m in Sources */ = {isa = PBXBuildFile; fileRef = 22A2C70B21B10D7900706985 /* XiangYinTests.m */; };
		22A2C71721B10D7900706985 /* XiangYinUITests.m in Sources */ = {isa = PBXBuildFile; fileRef = 22A2C71621B10D7900706985 /* XiangYinUITests.m */; };
		22A2C72D21B10F2300706985 /* CityCircleVC.m in Sources */ = {isa = PBXBuildFile; fileRef = 22A2C72B21B10F2300706985 /* CityCircleVC.m */; };
		22A2C72E21B10F2300706985 /* CityCircleVC.xib in Resources */ = {isa = PBXBuildFile; fileRef = 22A2C72C21B10F2300706985 /* CityCircleVC.xib */; };
		22A2C73221B10F6400706985 /* FoodandSpotVC.m in Sources */ = {isa = PBXBuildFile; fileRef = 22A2C73021B10F6400706985 /* FoodandSpotVC.m */; };
		22A2C73321B10F6400706985 /* FoodandSpotVC.xib in Resources */ = {isa = PBXBuildFile; fileRef = 22A2C73121B10F6400706985 /* FoodandSpotVC.xib */; };
		22A2C73721B10F7300706985 /* CenterVC.m in Sources */ = {isa = PBXBuildFile; fileRef = 22A2C73521B10F7300706985 /* CenterVC.m */; };
		22A2C73821B10F7300706985 /* CenterVC.xib in Resources */ = {isa = PBXBuildFile; fileRef = 22A2C73621B10F7300706985 /* CenterVC.xib */; };
		22A2C73C21B10F8E00706985 /* TransactionVC.m in Sources */ = {isa = PBXBuildFile; fileRef = 22A2C73A21B10F8E00706985 /* TransactionVC.m */; };
		22A2C73D21B10F8E00706985 /* TransactionVC.xib in Resources */ = {isa = PBXBuildFile; fileRef = 22A2C73B21B10F8E00706985 /* TransactionVC.xib */; };
		22A2C74121B10F9B00706985 /* MyVC.m in Sources */ = {isa = PBXBuildFile; fileRef = 22A2C73F21B10F9B00706985 /* MyVC.m */; };
		22A2C74221B10F9B00706985 /* MyVC.xib in Resources */ = {isa = PBXBuildFile; fileRef = 22A2C74021B10F9B00706985 /* MyVC.xib */; };
		22A2C74721B110A100706985 /* UINavigationController+FDFullscreenPopGesture.m in Sources */ = {isa = PBXBuildFile; fileRef = 22A2C74621B110A100706985 /* UINavigationController+FDFullscreenPopGesture.m */; };
		22A2C74C21B1157B00706985 /* NSObject+XWAdd.m in Sources */ = {isa = PBXBuildFile; fileRef = 22A2C74A21B1157A00706985 /* NSObject+XWAdd.m */; };
		22A2C75321B1158700706985 /* UIButton+ImageTitleSpacing.m in Sources */ = {isa = PBXBuildFile; fileRef = 22A2C74E21B1158600706985 /* UIButton+ImageTitleSpacing.m */; };
		22A2C75521B1158700706985 /* FSTextView.m in Sources */ = {isa = PBXBuildFile; fileRef = 22A2C75221B1158700706985 /* FSTextView.m */; };
		22A2C75821B1159300706985 /* MyColor.m in Sources */ = {isa = PBXBuildFile; fileRef = 22A2C75721B1159300706985 /* MyColor.m */; };
		22A2C75F21B115C800706985 /* LxCustomAlert.m in Sources */ = {isa = PBXBuildFile; fileRef = 22A2C75E21B115C800706985 /* LxCustomAlert.m */; };
		22A2C77321B1173100706985 /* MainTabBarController.m in Sources */ = {isa = PBXBuildFile; fileRef = 22A2C77221B1173100706985 /* MainTabBarController.m */; };
		22A2C77921B11CC600706985 /* UIView+ViewController.m in Sources */ = {isa = PBXBuildFile; fileRef = 22A2C77621B11CC500706985 /* UIView+ViewController.m */; };
		22A2C77A21B11CC600706985 /* UIViewExt.m in Sources */ = {isa = PBXBuildFile; fileRef = 22A2C77821B11CC500706985 /* UIViewExt.m */; };
		22B5720021B51E920032D31F /* MBProgressHUD+Add.m in Sources */ = {isa = PBXBuildFile; fileRef = 22B571FF21B51E920032D31F /* MBProgressHUD+Add.m */; };
		22B5720321B51ED60032D31F /* NSDictionary+SetNullWithStr.m in Sources */ = {isa = PBXBuildFile; fileRef = 22B5720121B51ED50032D31F /* NSDictionary+SetNullWithStr.m */; };
		22B5720D21B51F740032D31F /* UIColor+ImageGetColor.m in Sources */ = {isa = PBXBuildFile; fileRef = 22B5720621B51F720032D31F /* UIColor+ImageGetColor.m */; };
		22B5720E21B51F740032D31F /* PopMenuButton.m in Sources */ = {isa = PBXBuildFile; fileRef = 22B5720821B51F730032D31F /* PopMenuButton.m */; };
		22B5720F21B51F740032D31F /* PopMenuModel.m in Sources */ = {isa = PBXBuildFile; fileRef = 22B5720921B51F730032D31F /* PopMenuModel.m */; };
		22B5721021B51F740032D31F /* HyPopMenuView.m in Sources */ = {isa = PBXBuildFile; fileRef = 22B5720C21B51F740032D31F /* HyPopMenuView.m */; };
		22C1F2FE21B139BE0043583F /* BaseNavigationController.m in Sources */ = {isa = PBXBuildFile; fileRef = 22C1F2FD21B139BE0043583F /* BaseNavigationController.m */; };
		22C1F30C21B13B610043583F /* LYEmptyBaseView.m in Sources */ = {isa = PBXBuildFile; fileRef = 22C1F30421B13B600043583F /* LYEmptyBaseView.m */; };
		22C1F30D21B13B610043583F /* LYEmptyView.m in Sources */ = {isa = PBXBuildFile; fileRef = 22C1F30621B13B600043583F /* LYEmptyView.m */; };
		22C1F30E21B13B610043583F /* UIScrollView+Empty.m in Sources */ = {isa = PBXBuildFile; fileRef = 22C1F30921B13B600043583F /* UIScrollView+Empty.m */; };
		22C1F30F21B13B610043583F /* UIView+LYExtension.m in Sources */ = {isa = PBXBuildFile; fileRef = 22C1F30B21B13B600043583F /* UIView+LYExtension.m */; };
		43999EDA5B9D0187B712D7F9 /* libPods-XiangYinUITests.a in Frameworks */ = {isa = PBXBuildFile; fileRef = 7D2B01F291172B190AFE9815 /* libPods-XiangYinUITests.a */; };
		73D65B9CB2614F4619EDBB62 /* libPods-XiangYin.a in Frameworks */ = {isa = PBXBuildFile; fileRef = 100CF5EBDB9F4A516F3D1341 /* libPods-XiangYin.a */; };
		90B470052F551313DD1D3DF7 /* libPods-XiangYinTests.a in Frameworks */ = {isa = PBXBuildFile; fileRef = B0F2719C302FAEF55C459A93 /* libPods-XiangYinTests.a */; };
/* End PBXBuildFile section */

/* Begin PBXContainerItemProxy section */
		22A2C70821B10D7900706985 /* PBXContainerItemProxy */ = {
			isa = PBXContainerItemProxy;
			containerPortal = 22A2C6E721B10D5400706985 /* Project object */;
			proxyType = 1;
			remoteGlobalIDString = 22A2C6EE21B10D5400706985;
			remoteInfo = XiangYin;
		};
		22A2C71321B10D7900706985 /* PBXContainerItemProxy */ = {
			isa = PBXContainerItemProxy;
			containerPortal = 22A2C6E721B10D5400706985 /* Project object */;
			proxyType = 1;
			remoteGlobalIDString = 22A2C6EE21B10D5400706985;
			remoteInfo = XiangYin;
		};
/* End PBXContainerItemProxy section */

/* Begin PBXFileReference section */
		100CF5EBDB9F4A516F3D1341 /* libPods-XiangYin.a */ = {isa = PBXFileReference; explicitFileType = archive.ar; includeInIndex = 0; path = "libPods-XiangYin.a"; sourceTree = BUILT_PRODUCTS_DIR; };
		2200983521B7689800BC5ED2 /* SWCommentList.h */ = {isa = PBXFileReference; fileEncoding = 4; lastKnownFileType = sourcecode.c.h; path = SWCommentList.h; sourceTree = "<group>"; };
		2200983621B7689800BC5ED2 /* SWCommentList.m */ = {isa = PBXFileReference; fileEncoding = 4; lastKnownFileType = sourcecode.c.objc; path = SWCommentList.m; sourceTree = "<group>"; };
		2201C87D21B65920004E1B24 /* ReleaseTextVC.h */ = {isa = PBXFileReference; lastKnownFileType = sourcecode.c.h; path = ReleaseTextVC.h; sourceTree = "<group>"; };
		2201C87E21B65920004E1B24 /* ReleaseTextVC.m */ = {isa = PBXFileReference; lastKnownFileType = sourcecode.c.objc; path = ReleaseTextVC.m; sourceTree = "<group>"; };
		2201C87F21B65921004E1B24 /* ReleaseTextVC.xib */ = {isa = PBXFileReference; lastKnownFileType = file.xib; path = ReleaseTextVC.xib; sourceTree = "<group>"; };
		2201C88221B65936004E1B24 /* ReleaseVideoVC.h */ = {isa = PBXFileReference; lastKnownFileType = sourcecode.c.h; path = ReleaseVideoVC.h; sourceTree = "<group>"; };
		2201C88321B65936004E1B24 /* ReleaseVideoVC.m */ = {isa = PBXFileReference; lastKnownFileType = sourcecode.c.objc; path = ReleaseVideoVC.m; sourceTree = "<group>"; };
		2201C88421B65936004E1B24 /* ReleaseVideoVC.xib */ = {isa = PBXFileReference; lastKnownFileType = file.xib; path = ReleaseVideoVC.xib; sourceTree = "<group>"; };
		2201C88721B6594C004E1B24 /* ReleasePhotoVC.h */ = {isa = PBXFileReference; lastKnownFileType = sourcecode.c.h; path = ReleasePhotoVC.h; sourceTree = "<group>"; };
		2201C88821B6594C004E1B24 /* ReleasePhotoVC.m */ = {isa = PBXFileReference; lastKnownFileType = sourcecode.c.objc; path = ReleasePhotoVC.m; sourceTree = "<group>"; };
		2201C88921B6594C004E1B24 /* ReleasePhotoVC.xib */ = {isa = PBXFileReference; lastKnownFileType = file.xib; path = ReleasePhotoVC.xib; sourceTree = "<group>"; };
		2201C88C21B65AF0004E1B24 /* BaseViewController.m */ = {isa = PBXFileReference; fileEncoding = 4; lastKnownFileType = sourcecode.c.objc; path = BaseViewController.m; sourceTree = "<group>"; };
		2201C88D21B65AF1004E1B24 /* BaseViewController.h */ = {isa = PBXFileReference; fileEncoding = 4; lastKnownFileType = sourcecode.c.h; path = BaseViewController.h; sourceTree = "<group>"; };
		223700E421B516EE00408578 /* WXDataService.m */ = {isa = PBXFileReference; fileEncoding = 4; lastKnownFileType = sourcecode.c.objc; path = WXDataService.m; sourceTree = "<group>"; };
		223700E521B516EE00408578 /* WXDataService.h */ = {isa = PBXFileReference; fileEncoding = 4; lastKnownFileType = sourcecode.c.h; path = WXDataService.h; sourceTree = "<group>"; };
		22A2C6EF21B10D5400706985 /* XiangYin.app */ = {isa = PBXFileReference; explicitFileType = wrapper.application; includeInIndex = 0; path = XiangYin.app; sourceTree = BUILT_PRODUCTS_DIR; };
		22A2C6F221B10D5400706985 /* AppDelegate.h */ = {isa = PBXFileReference; lastKnownFileType = sourcecode.c.h; path = AppDelegate.h; sourceTree = "<group>"; };
		22A2C6F321B10D5400706985 /* AppDelegate.m */ = {isa = PBXFileReference; lastKnownFileType = sourcecode.c.objc; path = AppDelegate.m; sourceTree = "<group>"; };
		22A2C6F521B10D5400706985 /* ViewController.h */ = {isa = PBXFileReference; lastKnownFileType = sourcecode.c.h; path = ViewController.h; sourceTree = "<group>"; };
		22A2C6F621B10D5500706985 /* ViewController.m */ = {isa = PBXFileReference; lastKnownFileType = sourcecode.c.objc; path = ViewController.m; sourceTree = "<group>"; };
		22A2C6F921B10D5500706985 /* Base */ = {isa = PBXFileReference; lastKnownFileType = file.storyboard; name = Base; path = Base.lproj/Main.storyboard; sourceTree = "<group>"; };
		22A2C6FB21B10D7800706985 /* Assets.xcassets */ = {isa = PBXFileReference; lastKnownFileType = folder.assetcatalog; path = Assets.xcassets; sourceTree = "<group>"; };
		22A2C6FE21B10D7900706985 /* Base */ = {isa = PBXFileReference; lastKnownFileType = file.storyboard; name = Base; path = Base.lproj/LaunchScreen.storyboard; sourceTree = "<group>"; };
		22A2C70021B10D7900706985 /* Info.plist */ = {isa = PBXFileReference; lastKnownFileType = text.plist.xml; path = Info.plist; sourceTree = "<group>"; };
		22A2C70121B10D7900706985 /* main.m */ = {isa = PBXFileReference; lastKnownFileType = sourcecode.c.objc; path = main.m; sourceTree = "<group>"; };
		22A2C70721B10D7900706985 /* XiangYinTests.xctest */ = {isa = PBXFileReference; explicitFileType = wrapper.cfbundle; includeInIndex = 0; path = XiangYinTests.xctest; sourceTree = BUILT_PRODUCTS_DIR; };
		22A2C70B21B10D7900706985 /* XiangYinTests.m */ = {isa = PBXFileReference; lastKnownFileType = sourcecode.c.objc; path = XiangYinTests.m; sourceTree = "<group>"; };
		22A2C70D21B10D7900706985 /* Info.plist */ = {isa = PBXFileReference; lastKnownFileType = text.plist.xml; path = Info.plist; sourceTree = "<group>"; };
		22A2C71221B10D7900706985 /* XiangYinUITests.xctest */ = {isa = PBXFileReference; explicitFileType = wrapper.cfbundle; includeInIndex = 0; path = XiangYinUITests.xctest; sourceTree = BUILT_PRODUCTS_DIR; };
		22A2C71621B10D7900706985 /* XiangYinUITests.m */ = {isa = PBXFileReference; lastKnownFileType = sourcecode.c.objc; path = XiangYinUITests.m; sourceTree = "<group>"; };
		22A2C71821B10D7900706985 /* Info.plist */ = {isa = PBXFileReference; lastKnownFileType = text.plist.xml; path = Info.plist; sourceTree = "<group>"; };
		22A2C72A21B10F2300706985 /* CityCircleVC.h */ = {isa = PBXFileReference; lastKnownFileType = sourcecode.c.h; path = CityCircleVC.h; sourceTree = "<group>"; };
		22A2C72B21B10F2300706985 /* CityCircleVC.m */ = {isa = PBXFileReference; lastKnownFileType = sourcecode.c.objc; path = CityCircleVC.m; sourceTree = "<group>"; };
		22A2C72C21B10F2300706985 /* CityCircleVC.xib */ = {isa = PBXFileReference; lastKnownFileType = file.xib; path = CityCircleVC.xib; sourceTree = "<group>"; };
		22A2C72F21B10F6400706985 /* FoodandSpotVC.h */ = {isa = PBXFileReference; lastKnownFileType = sourcecode.c.h; path = FoodandSpotVC.h; sourceTree = "<group>"; };
		22A2C73021B10F6400706985 /* FoodandSpotVC.m */ = {isa = PBXFileReference; lastKnownFileType = sourcecode.c.objc; path = FoodandSpotVC.m; sourceTree = "<group>"; };
		22A2C73121B10F6400706985 /* FoodandSpotVC.xib */ = {isa = PBXFileReference; lastKnownFileType = file.xib; path = FoodandSpotVC.xib; sourceTree = "<group>"; };
		22A2C73421B10F7300706985 /* CenterVC.h */ = {isa = PBXFileReference; lastKnownFileType = sourcecode.c.h; name = CenterVC.h; path = XiangYin/Center/CenterVC.h; sourceTree = SOURCE_ROOT; };
		22A2C73521B10F7300706985 /* CenterVC.m */ = {isa = PBXFileReference; lastKnownFileType = sourcecode.c.objc; name = CenterVC.m; path = XiangYin/Center/CenterVC.m; sourceTree = SOURCE_ROOT; };
		22A2C73621B10F7300706985 /* CenterVC.xib */ = {isa = PBXFileReference; lastKnownFileType = file.xib; name = CenterVC.xib; path = XiangYin/Center/CenterVC.xib; sourceTree = SOURCE_ROOT; };
		22A2C73921B10F8E00706985 /* TransactionVC.h */ = {isa = PBXFileReference; lastKnownFileType = sourcecode.c.h; path = TransactionVC.h; sourceTree = "<group>"; };
		22A2C73A21B10F8E00706985 /* TransactionVC.m */ = {isa = PBXFileReference; lastKnownFileType = sourcecode.c.objc; path = TransactionVC.m; sourceTree = "<group>"; };
		22A2C73B21B10F8E00706985 /* TransactionVC.xib */ = {isa = PBXFileReference; lastKnownFileType = file.xib; path = TransactionVC.xib; sourceTree = "<group>"; };
		22A2C73E21B10F9B00706985 /* MyVC.h */ = {isa = PBXFileReference; lastKnownFileType = sourcecode.c.h; path = MyVC.h; sourceTree = "<group>"; };
		22A2C73F21B10F9B00706985 /* MyVC.m */ = {isa = PBXFileReference; lastKnownFileType = sourcecode.c.objc; path = MyVC.m; sourceTree = "<group>"; };
		22A2C74021B10F9B00706985 /* MyVC.xib */ = {isa = PBXFileReference; lastKnownFileType = file.xib; path = MyVC.xib; sourceTree = "<group>"; };
		22A2C74521B110A100706985 /* UINavigationController+FDFullscreenPopGesture.h */ = {isa = PBXFileReference; fileEncoding = 4; lastKnownFileType = sourcecode.c.h; path = "UINavigationController+FDFullscreenPopGesture.h"; sourceTree = "<group>"; };
		22A2C74621B110A100706985 /* UINavigationController+FDFullscreenPopGesture.m */ = {isa = PBXFileReference; fileEncoding = 4; lastKnownFileType = sourcecode.c.objc; path = "UINavigationController+FDFullscreenPopGesture.m"; sourceTree = "<group>"; };
		22A2C74821B110BA00706985 /* XiangYin.pch */ = {isa = PBXFileReference; lastKnownFileType = sourcecode.c.h; path = XiangYin.pch; sourceTree = "<group>"; };
		22A2C74A21B1157A00706985 /* NSObject+XWAdd.m */ = {isa = PBXFileReference; fileEncoding = 4; lastKnownFileType = sourcecode.c.objc; path = "NSObject+XWAdd.m"; sourceTree = "<group>"; };
		22A2C74B21B1157B00706985 /* NSObject+XWAdd.h */ = {isa = PBXFileReference; fileEncoding = 4; lastKnownFileType = sourcecode.c.h; path = "NSObject+XWAdd.h"; sourceTree = "<group>"; };
		22A2C74D21B1158600706985 /* FSTextView.h */ = {isa = PBXFileReference; fileEncoding = 4; lastKnownFileType = sourcecode.c.h; path = FSTextView.h; sourceTree = "<group>"; };
		22A2C74E21B1158600706985 /* UIButton+ImageTitleSpacing.m */ = {isa = PBXFileReference; fileEncoding = 4; lastKnownFileType = sourcecode.c.objc; path = "UIButton+ImageTitleSpacing.m"; sourceTree = "<group>"; };
		22A2C75021B1158700706985 /* UIButton+ImageTitleSpacing.h */ = {isa = PBXFileReference; fileEncoding = 4; lastKnownFileType = sourcecode.c.h; path = "UIButton+ImageTitleSpacing.h"; sourceTree = "<group>"; };
		22A2C75221B1158700706985 /* FSTextView.m */ = {isa = PBXFileReference; fileEncoding = 4; lastKnownFileType = sourcecode.c.objc; path = FSTextView.m; sourceTree = "<group>"; };
		22A2C75621B1159200706985 /* MyColor.h */ = {isa = PBXFileReference; fileEncoding = 4; lastKnownFileType = sourcecode.c.h; path = MyColor.h; sourceTree = "<group>"; };
		22A2C75721B1159300706985 /* MyColor.m */ = {isa = PBXFileReference; fileEncoding = 4; lastKnownFileType = sourcecode.c.objc; path = MyColor.m; sourceTree = "<group>"; };
		22A2C75D21B115C800706985 /* LxCustomAlert.h */ = {isa = PBXFileReference; fileEncoding = 4; lastKnownFileType = sourcecode.c.h; path = LxCustomAlert.h; sourceTree = "<group>"; };
		22A2C75E21B115C800706985 /* LxCustomAlert.m */ = {isa = PBXFileReference; fileEncoding = 4; lastKnownFileType = sourcecode.c.objc; path = LxCustomAlert.m; sourceTree = "<group>"; };
		22A2C77121B1173100706985 /* MainTabBarController.h */ = {isa = PBXFileReference; fileEncoding = 4; lastKnownFileType = sourcecode.c.h; path = MainTabBarController.h; sourceTree = "<group>"; };
		22A2C77221B1173100706985 /* MainTabBarController.m */ = {isa = PBXFileReference; fileEncoding = 4; lastKnownFileType = sourcecode.c.objc; path = MainTabBarController.m; sourceTree = "<group>"; };
		22A2C77521B11CC500706985 /* UIView+ViewController.h */ = {isa = PBXFileReference; fileEncoding = 4; lastKnownFileType = sourcecode.c.h; path = "UIView+ViewController.h"; sourceTree = "<group>"; };
		22A2C77621B11CC500706985 /* UIView+ViewController.m */ = {isa = PBXFileReference; fileEncoding = 4; lastKnownFileType = sourcecode.c.objc; path = "UIView+ViewController.m"; sourceTree = "<group>"; };
		22A2C77721B11CC500706985 /* UIViewExt.h */ = {isa = PBXFileReference; fileEncoding = 4; lastKnownFileType = sourcecode.c.h; path = UIViewExt.h; sourceTree = "<group>"; };
		22A2C77821B11CC500706985 /* UIViewExt.m */ = {isa = PBXFileReference; fileEncoding = 4; lastKnownFileType = sourcecode.c.objc; path = UIViewExt.m; sourceTree = "<group>"; };
		22B571FE21B51E920032D31F /* MBProgressHUD+Add.h */ = {isa = PBXFileReference; fileEncoding = 4; lastKnownFileType = sourcecode.c.h; path = "MBProgressHUD+Add.h"; sourceTree = "<group>"; };
		22B571FF21B51E920032D31F /* MBProgressHUD+Add.m */ = {isa = PBXFileReference; fileEncoding = 4; lastKnownFileType = sourcecode.c.objc; path = "MBProgressHUD+Add.m"; sourceTree = "<group>"; };
		22B5720121B51ED50032D31F /* NSDictionary+SetNullWithStr.m */ = {isa = PBXFileReference; fileEncoding = 4; lastKnownFileType = sourcecode.c.objc; path = "NSDictionary+SetNullWithStr.m"; sourceTree = "<group>"; };
		22B5720221B51ED60032D31F /* NSDictionary+SetNullWithStr.h */ = {isa = PBXFileReference; fileEncoding = 4; lastKnownFileType = sourcecode.c.h; path = "NSDictionary+SetNullWithStr.h"; sourceTree = "<group>"; };
		22B5720421B51F720032D31F /* PopMenuModel.h */ = {isa = PBXFileReference; fileEncoding = 4; lastKnownFileType = sourcecode.c.h; path = PopMenuModel.h; sourceTree = "<group>"; };
		22B5720521B51F720032D31F /* HyPopMenuView.h */ = {isa = PBXFileReference; fileEncoding = 4; lastKnownFileType = sourcecode.c.h; path = HyPopMenuView.h; sourceTree = "<group>"; };
		22B5720621B51F720032D31F /* UIColor+ImageGetColor.m */ = {isa = PBXFileReference; fileEncoding = 4; lastKnownFileType = sourcecode.c.objc; path = "UIColor+ImageGetColor.m"; sourceTree = "<group>"; };
		22B5720721B51F730032D31F /* PopMenuButton.h */ = {isa = PBXFileReference; fileEncoding = 4; lastKnownFileType = sourcecode.c.h; path = PopMenuButton.h; sourceTree = "<group>"; };
		22B5720821B51F730032D31F /* PopMenuButton.m */ = {isa = PBXFileReference; fileEncoding = 4; lastKnownFileType = sourcecode.c.objc; path = PopMenuButton.m; sourceTree = "<group>"; };
		22B5720921B51F730032D31F /* PopMenuModel.m */ = {isa = PBXFileReference; fileEncoding = 4; lastKnownFileType = sourcecode.c.objc; path = PopMenuModel.m; sourceTree = "<group>"; };
		22B5720A21B51F730032D31F /* UIColor+ImageGetColor.h */ = {isa = PBXFileReference; fileEncoding = 4; lastKnownFileType = sourcecode.c.h; path = "UIColor+ImageGetColor.h"; sourceTree = "<group>"; };
		22B5720B21B51F730032D31F /* HyPopMenuViewDelegate.h */ = {isa = PBXFileReference; fileEncoding = 4; lastKnownFileType = sourcecode.c.h; path = HyPopMenuViewDelegate.h; sourceTree = "<group>"; };
		22B5720C21B51F740032D31F /* HyPopMenuView.m */ = {isa = PBXFileReference; fileEncoding = 4; lastKnownFileType = sourcecode.c.objc; path = HyPopMenuView.m; sourceTree = "<group>"; };
		22C1F2FC21B139BE0043583F /* BaseNavigationController.h */ = {isa = PBXFileReference; fileEncoding = 4; lastKnownFileType = sourcecode.c.h; path = BaseNavigationController.h; sourceTree = "<group>"; };
		22C1F2FD21B139BE0043583F /* BaseNavigationController.m */ = {isa = PBXFileReference; fileEncoding = 4; lastKnownFileType = sourcecode.c.objc; path = BaseNavigationController.m; sourceTree = "<group>"; };
		22C1F30321B13B600043583F /* LYEmptyBaseView.h */ = {isa = PBXFileReference; fileEncoding = 4; lastKnownFileType = sourcecode.c.h; path = LYEmptyBaseView.h; sourceTree = "<group>"; };
		22C1F30421B13B600043583F /* LYEmptyBaseView.m */ = {isa = PBXFileReference; fileEncoding = 4; lastKnownFileType = sourcecode.c.objc; path = LYEmptyBaseView.m; sourceTree = "<group>"; };
		22C1F30521B13B600043583F /* LYEmptyView.h */ = {isa = PBXFileReference; fileEncoding = 4; lastKnownFileType = sourcecode.c.h; path = LYEmptyView.h; sourceTree = "<group>"; };
		22C1F30621B13B600043583F /* LYEmptyView.m */ = {isa = PBXFileReference; fileEncoding = 4; lastKnownFileType = sourcecode.c.objc; path = LYEmptyView.m; sourceTree = "<group>"; };
		22C1F30721B13B600043583F /* LYEmptyViewHeader.h */ = {isa = PBXFileReference; fileEncoding = 4; lastKnownFileType = sourcecode.c.h; path = LYEmptyViewHeader.h; sourceTree = "<group>"; };
		22C1F30821B13B600043583F /* UIScrollView+Empty.h */ = {isa = PBXFileReference; fileEncoding = 4; lastKnownFileType = sourcecode.c.h; path = "UIScrollView+Empty.h"; sourceTree = "<group>"; };
		22C1F30921B13B600043583F /* UIScrollView+Empty.m */ = {isa = PBXFileReference; fileEncoding = 4; lastKnownFileType = sourcecode.c.objc; path = "UIScrollView+Empty.m"; sourceTree = "<group>"; };
		22C1F30A21B13B600043583F /* UIView+LYExtension.h */ = {isa = PBXFileReference; fileEncoding = 4; lastKnownFileType = sourcecode.c.h; path = "UIView+LYExtension.h"; sourceTree = "<group>"; };
		22C1F30B21B13B600043583F /* UIView+LYExtension.m */ = {isa = PBXFileReference; fileEncoding = 4; lastKnownFileType = sourcecode.c.objc; path = "UIView+LYExtension.m"; sourceTree = "<group>"; };
		3F435B93B0CD2D18A6FF0793 /* Pods-XiangYinUITests.release.xcconfig */ = {isa = PBXFileReference; includeInIndex = 1; lastKnownFileType = text.xcconfig; name = "Pods-XiangYinUITests.release.xcconfig"; path = "Pods/Target Support Files/Pods-XiangYinUITests/Pods-XiangYinUITests.release.xcconfig"; sourceTree = "<group>"; };
		5C717B44F2D08FEA0AB4B715 /* Pods-XiangYinTests.debug.xcconfig */ = {isa = PBXFileReference; includeInIndex = 1; lastKnownFileType = text.xcconfig; name = "Pods-XiangYinTests.debug.xcconfig"; path = "Pods/Target Support Files/Pods-XiangYinTests/Pods-XiangYinTests.debug.xcconfig"; sourceTree = "<group>"; };
		7D2B01F291172B190AFE9815 /* libPods-XiangYinUITests.a */ = {isa = PBXFileReference; explicitFileType = archive.ar; includeInIndex = 0; path = "libPods-XiangYinUITests.a"; sourceTree = BUILT_PRODUCTS_DIR; };
		8372611320943134463A9D29 /* Pods-XiangYin.release.xcconfig */ = {isa = PBXFileReference; includeInIndex = 1; lastKnownFileType = text.xcconfig; name = "Pods-XiangYin.release.xcconfig"; path = "Pods/Target Support Files/Pods-XiangYin/Pods-XiangYin.release.xcconfig"; sourceTree = "<group>"; };
		91FF1015AC401D114A36EE42 /* Pods-XiangYinUITests.debug.xcconfig */ = {isa = PBXFileReference; includeInIndex = 1; lastKnownFileType = text.xcconfig; name = "Pods-XiangYinUITests.debug.xcconfig"; path = "Pods/Target Support Files/Pods-XiangYinUITests/Pods-XiangYinUITests.debug.xcconfig"; sourceTree = "<group>"; };
		AA4ACC84BD175CE12BC4A5E9 /* Pods-XiangYinTests.release.xcconfig */ = {isa = PBXFileReference; includeInIndex = 1; lastKnownFileType = text.xcconfig; name = "Pods-XiangYinTests.release.xcconfig"; path = "Pods/Target Support Files/Pods-XiangYinTests/Pods-XiangYinTests.release.xcconfig"; sourceTree = "<group>"; };
		B0F2719C302FAEF55C459A93 /* libPods-XiangYinTests.a */ = {isa = PBXFileReference; explicitFileType = archive.ar; includeInIndex = 0; path = "libPods-XiangYinTests.a"; sourceTree = BUILT_PRODUCTS_DIR; };
		E256E11427D5C734621DBF29 /* Pods-XiangYin.debug.xcconfig */ = {isa = PBXFileReference; includeInIndex = 1; lastKnownFileType = text.xcconfig; name = "Pods-XiangYin.debug.xcconfig"; path = "Pods/Target Support Files/Pods-XiangYin/Pods-XiangYin.debug.xcconfig"; sourceTree = "<group>"; };
/* End PBXFileReference section */

/* Begin PBXFrameworksBuildPhase section */
		22A2C6EC21B10D5400706985 /* Frameworks */ = {
			isa = PBXFrameworksBuildPhase;
			buildActionMask = 2147483647;
			files = (
				73D65B9CB2614F4619EDBB62 /* libPods-XiangYin.a in Frameworks */,
			);
			runOnlyForDeploymentPostprocessing = 0;
		};
		22A2C70421B10D7900706985 /* Frameworks */ = {
			isa = PBXFrameworksBuildPhase;
			buildActionMask = 2147483647;
			files = (
				90B470052F551313DD1D3DF7 /* libPods-XiangYinTests.a in Frameworks */,
			);
			runOnlyForDeploymentPostprocessing = 0;
		};
		22A2C70F21B10D7900706985 /* Frameworks */ = {
			isa = PBXFrameworksBuildPhase;
			buildActionMask = 2147483647;
			files = (
				43999EDA5B9D0187B712D7F9 /* libPods-XiangYinUITests.a in Frameworks */,
			);
			runOnlyForDeploymentPostprocessing = 0;
		};
/* End PBXFrameworksBuildPhase section */

/* Begin PBXGroup section */
		2201C88F21B65AF7004E1B24 /* 导航栏lib */ = {
			isa = PBXGroup;
			children = (
			);
			path = "导航栏lib";
			sourceTree = "<group>";
		};
		2201C89021B65BF2004E1B24 /* Category */ = {
			isa = PBXGroup;
			children = (
				2201C89721B65C53004E1B24 /* UIButton */,
			);
			path = Category;
			sourceTree = "<group>";
		};
		2201C89721B65C53004E1B24 /* UIButton */ = {
			isa = PBXGroup;
			children = (
				22A2C75021B1158700706985 /* UIButton+ImageTitleSpacing.h */,
				22A2C74E21B1158600706985 /* UIButton+ImageTitleSpacing.m */,
			);
			path = UIButton;
			sourceTree = "<group>";
		};
		2201C89821B66554004E1B24 /* 中间弹出lib */ = {
			isa = PBXGroup;
			children = (
				22B5720521B51F720032D31F /* HyPopMenuView.h */,
				22B5720C21B51F740032D31F /* HyPopMenuView.m */,
				22B5720B21B51F730032D31F /* HyPopMenuViewDelegate.h */,
				22B5720721B51F730032D31F /* PopMenuButton.h */,
				22B5720821B51F730032D31F /* PopMenuButton.m */,
				22B5720421B51F720032D31F /* PopMenuModel.h */,
				22B5720921B51F730032D31F /* PopMenuModel.m */,
				22B5720A21B51F730032D31F /* UIColor+ImageGetColor.h */,
				22B5720621B51F720032D31F /* UIColor+ImageGetColor.m */,
			);
			path = "中间弹出lib";
			sourceTree = "<group>";
		};
		22A2C6E621B10D5400706985 = {
			isa = PBXGroup;
			children = (
				22A2C6F121B10D5400706985 /* XiangYin */,
				22A2C70A21B10D7900706985 /* XiangYinTests */,
				22A2C71521B10D7900706985 /* XiangYinUITests */,
				22A2C6F021B10D5400706985 /* Products */,
				C21CD3EA5CE0CC881F04757C /* Pods */,
				E3991A81B4BB5F4FA0E09C68 /* Frameworks */,
			);
			sourceTree = "<group>";
		};
		22A2C6F021B10D5400706985 /* Products */ = {
			isa = PBXGroup;
			children = (
				22A2C6EF21B10D5400706985 /* XiangYin.app */,
				22A2C70721B10D7900706985 /* XiangYinTests.xctest */,
				22A2C71221B10D7900706985 /* XiangYinUITests.xctest */,
			);
			name = Products;
			sourceTree = "<group>";
		};
		22A2C6F121B10D5400706985 /* XiangYin */ = {
			isa = PBXGroup;
			children = (
				22A2C6F221B10D5400706985 /* AppDelegate.h */,
				22A2C6F321B10D5400706985 /* AppDelegate.m */,
				22A2C74321B1107F00706985 /* 基类 */,
				22A2C72421B10E1A00706985 /* 城市圈 */,
				22A2C72921B10E3A00706985 /* 登录 */,
				22A2C72821B10E3800706985 /* 美食美景 */,
				22A2C72621B10E2B00706985 /* 同城交易 */,
				22A2C74921B1154200706985 /* Center */,
				22A2C72521B10E2800706985 /* 我的 */,
				22A2C74421B1108E00706985 /* 工具 */,
				22A2C6F521B10D5400706985 /* ViewController.h */,
				22A2C6F621B10D5500706985 /* ViewController.m */,
				22A2C6F821B10D5500706985 /* Main.storyboard */,
				22A2C6FB21B10D7800706985 /* Assets.xcassets */,
				22A2C6FD21B10D7900706985 /* LaunchScreen.storyboard */,
				22A2C70021B10D7900706985 /* Info.plist */,
				22A2C70121B10D7900706985 /* main.m */,
				22A2C74821B110BA00706985 /* XiangYin.pch */,
			);
			path = XiangYin;
			sourceTree = "<group>";
		};
		22A2C70A21B10D7900706985 /* XiangYinTests */ = {
			isa = PBXGroup;
			children = (
				22A2C70B21B10D7900706985 /* XiangYinTests.m */,
				22A2C70D21B10D7900706985 /* Info.plist */,
			);
			path = XiangYinTests;
			sourceTree = "<group>";
		};
		22A2C71521B10D7900706985 /* XiangYinUITests */ = {
			isa = PBXGroup;
			children = (
				22A2C71621B10D7900706985 /* XiangYinUITests.m */,
				22A2C71821B10D7900706985 /* Info.plist */,
			);
			path = XiangYinUITests;
			sourceTree = "<group>";
		};
		22A2C72421B10E1A00706985 /* 城市圈 */ = {
			isa = PBXGroup;
			children = (
				2200983521B7689800BC5ED2 /* SWCommentList.h */,
				2200983621B7689800BC5ED2 /* SWCommentList.m */,
				22A2C72A21B10F2300706985 /* CityCircleVC.h */,
				22A2C72B21B10F2300706985 /* CityCircleVC.m */,
				22A2C72C21B10F2300706985 /* CityCircleVC.xib */,
			);
			path = "城市圈";
			sourceTree = "<group>";
		};
		22A2C72521B10E2800706985 /* 我的 */ = {
			isa = PBXGroup;
			children = (
				22A2C77421B11CC500706985 /* UIViewExt */,
				22A2C73E21B10F9B00706985 /* MyVC.h */,
				22A2C73F21B10F9B00706985 /* MyVC.m */,
				22A2C74021B10F9B00706985 /* MyVC.xib */,
			);
			path = "我的";
			sourceTree = "<group>";
		};
		22A2C72621B10E2B00706985 /* 同城交易 */ = {
			isa = PBXGroup;
			children = (
				22A2C73921B10F8E00706985 /* TransactionVC.h */,
				22A2C73A21B10F8E00706985 /* TransactionVC.m */,
				22A2C73B21B10F8E00706985 /* TransactionVC.xib */,
			);
			path = "同城交易";
			sourceTree = "<group>";
		};
		22A2C72821B10E3800706985 /* 美食美景 */ = {
			isa = PBXGroup;
			children = (
				22A2C72F21B10F6400706985 /* FoodandSpotVC.h */,
				22A2C73021B10F6400706985 /* FoodandSpotVC.m */,
				22A2C73121B10F6400706985 /* FoodandSpotVC.xib */,
			);
			path = "美食美景";
			sourceTree = "<group>";
		};
		22A2C72921B10E3A00706985 /* 登录 */ = {
			isa = PBXGroup;
			children = (
			);
			path = "登录";
			sourceTree = "<group>";
		};
		22A2C74321B1107F00706985 /* 基类 */ = {
			isa = PBXGroup;
			children = (
				22A2C77121B1173100706985 /* MainTabBarController.h */,
				22A2C77221B1173100706985 /* MainTabBarController.m */,
				22C1F2FC21B139BE0043583F /* BaseNavigationController.h */,
				22C1F2FD21B139BE0043583F /* BaseNavigationController.m */,
				2201C88D21B65AF1004E1B24 /* BaseViewController.h */,
				2201C88C21B65AF0004E1B24 /* BaseViewController.m */,
				2201C88F21B65AF7004E1B24 /* 导航栏lib */,
			);
			path = "基类";
			sourceTree = "<group>";
		};
		22A2C74421B1108E00706985 /* 工具 */ = {
			isa = PBXGroup;
			children = (
				2201C89021B65BF2004E1B24 /* Category */,
				22B571FE21B51E920032D31F /* MBProgressHUD+Add.h */,
				22B571FF21B51E920032D31F /* MBProgressHUD+Add.m */,
				22A2C75921B115A100706985 /* 网络请求 */,
				22A2C74521B110A100706985 /* UINavigationController+FDFullscreenPopGesture.h */,
				22A2C74621B110A100706985 /* UINavigationController+FDFullscreenPopGesture.m */,
				22C1F30221B13B600043583F /* LYEmptyView */,
				22A2C74B21B1157B00706985 /* NSObject+XWAdd.h */,
				22A2C74A21B1157A00706985 /* NSObject+XWAdd.m */,
				22A2C74D21B1158600706985 /* FSTextView.h */,
				22A2C75221B1158700706985 /* FSTextView.m */,
				22A2C75621B1159200706985 /* MyColor.h */,
				22A2C75721B1159300706985 /* MyColor.m */,
				22A2C75D21B115C800706985 /* LxCustomAlert.h */,
				22A2C75E21B115C800706985 /* LxCustomAlert.m */,
			);
			path = "工具";
			sourceTree = "<group>";
		};
		22A2C74921B1154200706985 /* Center */ = {
			isa = PBXGroup;
			children = (
				2201C89821B66554004E1B24 /* 中间弹出lib */,
				22A2C73421B10F7300706985 /* CenterVC.h */,
				22A2C73521B10F7300706985 /* CenterVC.m */,
				22A2C73621B10F7300706985 /* CenterVC.xib */,
				2201C87D21B65920004E1B24 /* ReleaseTextVC.h */,
				2201C87E21B65920004E1B24 /* ReleaseTextVC.m */,
				2201C87F21B65921004E1B24 /* ReleaseTextVC.xib */,
				2201C88221B65936004E1B24 /* ReleaseVideoVC.h */,
				2201C88321B65936004E1B24 /* ReleaseVideoVC.m */,
				2201C88421B65936004E1B24 /* ReleaseVideoVC.xib */,
				2201C88721B6594C004E1B24 /* ReleasePhotoVC.h */,
				2201C88821B6594C004E1B24 /* ReleasePhotoVC.m */,
				2201C88921B6594C004E1B24 /* ReleasePhotoVC.xib */,
			);
			path = Center;
			sourceTree = "<group>";
		};
		22A2C75921B115A100706985 /* 网络请求 */ = {
			isa = PBXGroup;
			children = (
				223700E521B516EE00408578 /* WXDataService.h */,
				223700E421B516EE00408578 /* WXDataService.m */,
				22B5720221B51ED60032D31F /* NSDictionary+SetNullWithStr.h */,
				22B5720121B51ED50032D31F /* NSDictionary+SetNullWithStr.m */,
			);
			path = "网络请求";
			sourceTree = "<group>";
		};
		22A2C77421B11CC500706985 /* UIViewExt */ = {
			isa = PBXGroup;
			children = (
				22A2C77521B11CC500706985 /* UIView+ViewController.h */,
				22A2C77621B11CC500706985 /* UIView+ViewController.m */,
				22A2C77721B11CC500706985 /* UIViewExt.h */,
				22A2C77821B11CC500706985 /* UIViewExt.m */,
			);
			path = UIViewExt;
			sourceTree = "<group>";
		};
		22C1F30221B13B600043583F /* LYEmptyView */ = {
			isa = PBXGroup;
			children = (
				22C1F30321B13B600043583F /* LYEmptyBaseView.h */,
				22C1F30421B13B600043583F /* LYEmptyBaseView.m */,
				22C1F30521B13B600043583F /* LYEmptyView.h */,
				22C1F30621B13B600043583F /* LYEmptyView.m */,
				22C1F30721B13B600043583F /* LYEmptyViewHeader.h */,
				22C1F30821B13B600043583F /* UIScrollView+Empty.h */,
				22C1F30921B13B600043583F /* UIScrollView+Empty.m */,
				22C1F30A21B13B600043583F /* UIView+LYExtension.h */,
				22C1F30B21B13B600043583F /* UIView+LYExtension.m */,
			);
			path = LYEmptyView;
			sourceTree = "<group>";
		};
		C21CD3EA5CE0CC881F04757C /* Pods */ = {
			isa = PBXGroup;
			children = (
				E256E11427D5C734621DBF29 /* Pods-XiangYin.debug.xcconfig */,
				8372611320943134463A9D29 /* Pods-XiangYin.release.xcconfig */,
				5C717B44F2D08FEA0AB4B715 /* Pods-XiangYinTests.debug.xcconfig */,
				AA4ACC84BD175CE12BC4A5E9 /* Pods-XiangYinTests.release.xcconfig */,
				91FF1015AC401D114A36EE42 /* Pods-XiangYinUITests.debug.xcconfig */,
				3F435B93B0CD2D18A6FF0793 /* Pods-XiangYinUITests.release.xcconfig */,
			);
			name = Pods;
			sourceTree = "<group>";
		};
		E3991A81B4BB5F4FA0E09C68 /* Frameworks */ = {
			isa = PBXGroup;
			children = (
				100CF5EBDB9F4A516F3D1341 /* libPods-XiangYin.a */,
				B0F2719C302FAEF55C459A93 /* libPods-XiangYinTests.a */,
				7D2B01F291172B190AFE9815 /* libPods-XiangYinUITests.a */,
			);
			name = Frameworks;
			sourceTree = "<group>";
		};
/* End PBXGroup section */

/* Begin PBXNativeTarget section */
		22A2C6EE21B10D5400706985 /* XiangYin */ = {
			isa = PBXNativeTarget;
			buildConfigurationList = 22A2C71B21B10D7900706985 /* Build configuration list for PBXNativeTarget "XiangYin" */;
			buildPhases = (
				18CDF3ED262227AF2ED9B7F5 /* [CP] Check Pods Manifest.lock */,
				22A2C6EB21B10D5400706985 /* Sources */,
				22A2C6EC21B10D5400706985 /* Frameworks */,
				22A2C6ED21B10D5400706985 /* Resources */,
				3F817C344786B0A01AE65947 /* [CP] Copy Pods Resources */,
			);
			buildRules = (
			);
			dependencies = (
			);
			name = XiangYin;
			productName = XiangYin;
			productReference = 22A2C6EF21B10D5400706985 /* XiangYin.app */;
			productType = "com.apple.product-type.application";
		};
		22A2C70621B10D7900706985 /* XiangYinTests */ = {
			isa = PBXNativeTarget;
			buildConfigurationList = 22A2C71E21B10D7900706985 /* Build configuration list for PBXNativeTarget "XiangYinTests" */;
			buildPhases = (
				CC0D48510C0A773759487CE3 /* [CP] Check Pods Manifest.lock */,
				22A2C70321B10D7900706985 /* Sources */,
				22A2C70421B10D7900706985 /* Frameworks */,
				22A2C70521B10D7900706985 /* Resources */,
			);
			buildRules = (
			);
			dependencies = (
				22A2C70921B10D7900706985 /* PBXTargetDependency */,
			);
			name = XiangYinTests;
			productName = XiangYinTests;
			productReference = 22A2C70721B10D7900706985 /* XiangYinTests.xctest */;
			productType = "com.apple.product-type.bundle.unit-test";
		};
		22A2C71121B10D7900706985 /* XiangYinUITests */ = {
			isa = PBXNativeTarget;
			buildConfigurationList = 22A2C72121B10D7900706985 /* Build configuration list for PBXNativeTarget "XiangYinUITests" */;
			buildPhases = (
				BE7431EA37BB87DD6FC78CDF /* [CP] Check Pods Manifest.lock */,
				22A2C70E21B10D7900706985 /* Sources */,
				22A2C70F21B10D7900706985 /* Frameworks */,
				22A2C71021B10D7900706985 /* Resources */,
			);
			buildRules = (
			);
			dependencies = (
				22A2C71421B10D7900706985 /* PBXTargetDependency */,
			);
			name = XiangYinUITests;
			productName = XiangYinUITests;
			productReference = 22A2C71221B10D7900706985 /* XiangYinUITests.xctest */;
			productType = "com.apple.product-type.bundle.ui-testing";
		};
/* End PBXNativeTarget section */

/* Begin PBXProject section */
		22A2C6E721B10D5400706985 /* Project object */ = {
			isa = PBXProject;
			attributes = {
				LastUpgradeCheck = 1010;
				ORGANIZATIONNAME = liuxiang;
				TargetAttributes = {
					22A2C6EE21B10D5400706985 = {
						CreatedOnToolsVersion = 10.1;
					};
					22A2C70621B10D7900706985 = {
						CreatedOnToolsVersion = 10.1;
						TestTargetID = 22A2C6EE21B10D5400706985;
					};
					22A2C71121B10D7900706985 = {
						CreatedOnToolsVersion = 10.1;
						TestTargetID = 22A2C6EE21B10D5400706985;
					};
				};
			};
			buildConfigurationList = 22A2C6EA21B10D5400706985 /* Build configuration list for PBXProject "XiangYin" */;
			compatibilityVersion = "Xcode 9.3";
			developmentRegion = en;
			hasScannedForEncodings = 0;
			knownRegions = (
				en,
				Base,
			);
			mainGroup = 22A2C6E621B10D5400706985;
			productRefGroup = 22A2C6F021B10D5400706985 /* Products */;
			projectDirPath = "";
			projectRoot = "";
			targets = (
				22A2C6EE21B10D5400706985 /* XiangYin */,
				22A2C70621B10D7900706985 /* XiangYinTests */,
				22A2C71121B10D7900706985 /* XiangYinUITests */,
			);
		};
/* End PBXProject section */

/* Begin PBXResourcesBuildPhase section */
		22A2C6ED21B10D5400706985 /* Resources */ = {
			isa = PBXResourcesBuildPhase;
			buildActionMask = 2147483647;
			files = (
				22A2C74221B10F9B00706985 /* MyVC.xib in Resources */,
				22A2C6FF21B10D7900706985 /* LaunchScreen.storyboard in Resources */,
				2201C88621B65936004E1B24 /* ReleaseVideoVC.xib in Resources */,
				22A2C72E21B10F2300706985 /* CityCircleVC.xib in Resources */,
				2201C88121B65921004E1B24 /* ReleaseTextVC.xib in Resources */,
				2201C88B21B6594C004E1B24 /* ReleasePhotoVC.xib in Resources */,
				22A2C6FC21B10D7800706985 /* Assets.xcassets in Resources */,
				22A2C73821B10F7300706985 /* CenterVC.xib in Resources */,
				22A2C73D21B10F8E00706985 /* TransactionVC.xib in Resources */,
				22A2C6FA21B10D5500706985 /* Main.storyboard in Resources */,
				22A2C73321B10F6400706985 /* FoodandSpotVC.xib in Resources */,
			);
			runOnlyForDeploymentPostprocessing = 0;
		};
		22A2C70521B10D7900706985 /* Resources */ = {
			isa = PBXResourcesBuildPhase;
			buildActionMask = 2147483647;
			files = (
			);
			runOnlyForDeploymentPostprocessing = 0;
		};
		22A2C71021B10D7900706985 /* Resources */ = {
			isa = PBXResourcesBuildPhase;
			buildActionMask = 2147483647;
			files = (
			);
			runOnlyForDeploymentPostprocessing = 0;
		};
/* End PBXResourcesBuildPhase section */

/* Begin PBXShellScriptBuildPhase section */
		18CDF3ED262227AF2ED9B7F5 /* [CP] Check Pods Manifest.lock */ = {
			isa = PBXShellScriptBuildPhase;
			buildActionMask = 2147483647;
			files = (
			);
			inputPaths = (
				"${PODS_PODFILE_DIR_PATH}/Podfile.lock",
				"${PODS_ROOT}/Manifest.lock",
			);
			name = "[CP] Check Pods Manifest.lock";
			outputPaths = (
				"$(DERIVED_FILE_DIR)/Pods-XiangYin-checkManifestLockResult.txt",
			);
			runOnlyForDeploymentPostprocessing = 0;
			shellPath = /bin/sh;
			shellScript = "diff \"${PODS_PODFILE_DIR_PATH}/Podfile.lock\" \"${PODS_ROOT}/Manifest.lock\" > /dev/null\nif [ $? != 0 ] ; then\n    # print error to STDERR\n    echo \"error: The sandbox is not in sync with the Podfile.lock. Run 'pod install' or update your CocoaPods installation.\" >&2\n    exit 1\nfi\n# This output is used by Xcode 'outputs' to avoid re-running this script phase.\necho \"SUCCESS\" > \"${SCRIPT_OUTPUT_FILE_0}\"\n";
			showEnvVarsInLog = 0;
		};
		3F817C344786B0A01AE65947 /* [CP] Copy Pods Resources */ = {
			isa = PBXShellScriptBuildPhase;
			buildActionMask = 2147483647;
			files = (
			);
			inputPaths = (
				"${SRCROOT}/Pods/Target Support Files/Pods-XiangYin/Pods-XiangYin-resources.sh",
				"${PODS_ROOT}/MJRefresh/MJRefresh/MJRefresh.bundle",
				"${PODS_ROOT}/SVProgressHUD/SVProgressHUD/SVProgressHUD.bundle",
			);
			name = "[CP] Copy Pods Resources";
			outputPaths = (
				"${TARGET_BUILD_DIR}/${UNLOCALIZED_RESOURCES_FOLDER_PATH}/MJRefresh.bundle",
				"${TARGET_BUILD_DIR}/${UNLOCALIZED_RESOURCES_FOLDER_PATH}/SVProgressHUD.bundle",
			);
			runOnlyForDeploymentPostprocessing = 0;
			shellPath = /bin/sh;
			shellScript = "\"${SRCROOT}/Pods/Target Support Files/Pods-XiangYin/Pods-XiangYin-resources.sh\"\n";
			showEnvVarsInLog = 0;
		};
		BE7431EA37BB87DD6FC78CDF /* [CP] Check Pods Manifest.lock */ = {
			isa = PBXShellScriptBuildPhase;
			buildActionMask = 2147483647;
			files = (
			);
			inputPaths = (
				"${PODS_PODFILE_DIR_PATH}/Podfile.lock",
				"${PODS_ROOT}/Manifest.lock",
			);
			name = "[CP] Check Pods Manifest.lock";
			outputPaths = (
				"$(DERIVED_FILE_DIR)/Pods-XiangYinUITests-checkManifestLockResult.txt",
			);
			runOnlyForDeploymentPostprocessing = 0;
			shellPath = /bin/sh;
			shellScript = "diff \"${PODS_PODFILE_DIR_PATH}/Podfile.lock\" \"${PODS_ROOT}/Manifest.lock\" > /dev/null\nif [ $? != 0 ] ; then\n    # print error to STDERR\n    echo \"error: The sandbox is not in sync with the Podfile.lock. Run 'pod install' or update your CocoaPods installation.\" >&2\n    exit 1\nfi\n# This output is used by Xcode 'outputs' to avoid re-running this script phase.\necho \"SUCCESS\" > \"${SCRIPT_OUTPUT_FILE_0}\"\n";
			showEnvVarsInLog = 0;
		};
		CC0D48510C0A773759487CE3 /* [CP] Check Pods Manifest.lock */ = {
			isa = PBXShellScriptBuildPhase;
			buildActionMask = 2147483647;
			files = (
			);
			inputPaths = (
				"${PODS_PODFILE_DIR_PATH}/Podfile.lock",
				"${PODS_ROOT}/Manifest.lock",
			);
			name = "[CP] Check Pods Manifest.lock";
			outputPaths = (
				"$(DERIVED_FILE_DIR)/Pods-XiangYinTests-checkManifestLockResult.txt",
			);
			runOnlyForDeploymentPostprocessing = 0;
			shellPath = /bin/sh;
			shellScript = "diff \"${PODS_PODFILE_DIR_PATH}/Podfile.lock\" \"${PODS_ROOT}/Manifest.lock\" > /dev/null\nif [ $? != 0 ] ; then\n    # print error to STDERR\n    echo \"error: The sandbox is not in sync with the Podfile.lock. Run 'pod install' or update your CocoaPods installation.\" >&2\n    exit 1\nfi\n# This output is used by Xcode 'outputs' to avoid re-running this script phase.\necho \"SUCCESS\" > \"${SCRIPT_OUTPUT_FILE_0}\"\n";
			showEnvVarsInLog = 0;
		};
/* End PBXShellScriptBuildPhase section */

/* Begin PBXSourcesBuildPhase section */
		22A2C6EB21B10D5400706985 /* Sources */ = {
			isa = PBXSourcesBuildPhase;
			buildActionMask = 2147483647;
			files = (
				22A2C75321B1158700706985 /* UIButton+ImageTitleSpacing.m in Sources */,
				22A2C75F21B115C800706985 /* LxCustomAlert.m in Sources */,
				22A2C74121B10F9B00706985 /* MyVC.m in Sources */,
				22A2C6F721B10D5500706985 /* ViewController.m in Sources */,
				22A2C73221B10F6400706985 /* FoodandSpotVC.m in Sources */,
				22C1F2FE21B139BE0043583F /* BaseNavigationController.m in Sources */,
				22A2C74721B110A100706985 /* UINavigationController+FDFullscreenPopGesture.m in Sources */,
				22B5720D21B51F740032D31F /* UIColor+ImageGetColor.m in Sources */,
				22B5721021B51F740032D31F /* HyPopMenuView.m in Sources */,
				22A2C74C21B1157B00706985 /* NSObject+XWAdd.m in Sources */,
				22A2C72D21B10F2300706985 /* CityCircleVC.m in Sources */,
				22B5720E21B51F740032D31F /* PopMenuButton.m in Sources */,
				22C1F30E21B13B610043583F /* UIScrollView+Empty.m in Sources */,
				2201C88E21B65AF1004E1B24 /* BaseViewController.m in Sources */,
				22B5720321B51ED60032D31F /* NSDictionary+SetNullWithStr.m in Sources */,
				22C1F30C21B13B610043583F /* LYEmptyBaseView.m in Sources */,
				223700E621B516EE00408578 /* WXDataService.m in Sources */,
				22B5720021B51E920032D31F /* MBProgressHUD+Add.m in Sources */,
				22C1F30F21B13B610043583F /* UIView+LYExtension.m in Sources */,
				22A2C70221B10D7900706985 /* main.m in Sources */,
				2201C88021B65921004E1B24 /* ReleaseTextVC.m in Sources */,
				22A2C75521B1158700706985 /* FSTextView.m in Sources */,
				2201C88A21B6594C004E1B24 /* ReleasePhotoVC.m in Sources */,
				22A2C77A21B11CC600706985 /* UIViewExt.m in Sources */,
				22C1F30D21B13B610043583F /* LYEmptyView.m in Sources */,
				22A2C77321B1173100706985 /* MainTabBarController.m in Sources */,
				22A2C73C21B10F8E00706985 /* TransactionVC.m in Sources */,
				2200983721B7689800BC5ED2 /* SWCommentList.m in Sources */,
				22A2C75821B1159300706985 /* MyColor.m in Sources */,
				22A2C77921B11CC600706985 /* UIView+ViewController.m in Sources */,
				2201C88521B65936004E1B24 /* ReleaseVideoVC.m in Sources */,
				22A2C6F421B10D5400706985 /* AppDelegate.m in Sources */,
				22B5720F21B51F740032D31F /* PopMenuModel.m in Sources */,
				22A2C73721B10F7300706985 /* CenterVC.m in Sources */,
			);
			runOnlyForDeploymentPostprocessing = 0;
		};
		22A2C70321B10D7900706985 /* Sources */ = {
			isa = PBXSourcesBuildPhase;
			buildActionMask = 2147483647;
			files = (
				22A2C70C21B10D7900706985 /* XiangYinTests.m in Sources */,
			);
			runOnlyForDeploymentPostprocessing = 0;
		};
		22A2C70E21B10D7900706985 /* Sources */ = {
			isa = PBXSourcesBuildPhase;
			buildActionMask = 2147483647;
			files = (
				22A2C71721B10D7900706985 /* XiangYinUITests.m in Sources */,
			);
			runOnlyForDeploymentPostprocessing = 0;
		};
/* End PBXSourcesBuildPhase section */

/* Begin PBXTargetDependency section */
		22A2C70921B10D7900706985 /* PBXTargetDependency */ = {
			isa = PBXTargetDependency;
			target = 22A2C6EE21B10D5400706985 /* XiangYin */;
			targetProxy = 22A2C70821B10D7900706985 /* PBXContainerItemProxy */;
		};
		22A2C71421B10D7900706985 /* PBXTargetDependency */ = {
			isa = PBXTargetDependency;
			target = 22A2C6EE21B10D5400706985 /* XiangYin */;
			targetProxy = 22A2C71321B10D7900706985 /* PBXContainerItemProxy */;
		};
/* End PBXTargetDependency section */

/* Begin PBXVariantGroup section */
		22A2C6F821B10D5500706985 /* Main.storyboard */ = {
			isa = PBXVariantGroup;
			children = (
				22A2C6F921B10D5500706985 /* Base */,
			);
			name = Main.storyboard;
			sourceTree = "<group>";
		};
		22A2C6FD21B10D7900706985 /* LaunchScreen.storyboard */ = {
			isa = PBXVariantGroup;
			children = (
				22A2C6FE21B10D7900706985 /* Base */,
			);
			name = LaunchScreen.storyboard;
			sourceTree = "<group>";
		};
/* End PBXVariantGroup section */

/* Begin XCBuildConfiguration section */
		22A2C71921B10D7900706985 /* Debug */ = {
			isa = XCBuildConfiguration;
			buildSettings = {
				ALWAYS_SEARCH_USER_PATHS = NO;
				CLANG_ANALYZER_NONNULL = YES;
				CLANG_ANALYZER_NUMBER_OBJECT_CONVERSION = YES_AGGRESSIVE;
				CLANG_CXX_LANGUAGE_STANDARD = "gnu++14";
				CLANG_CXX_LIBRARY = "libc++";
				CLANG_ENABLE_MODULES = YES;
				CLANG_ENABLE_OBJC_ARC = YES;
				CLANG_ENABLE_OBJC_WEAK = YES;
				CLANG_WARN_BLOCK_CAPTURE_AUTORELEASING = YES;
				CLANG_WARN_BOOL_CONVERSION = YES;
				CLANG_WARN_COMMA = YES;
				CLANG_WARN_CONSTANT_CONVERSION = YES;
				CLANG_WARN_DEPRECATED_OBJC_IMPLEMENTATIONS = YES;
				CLANG_WARN_DIRECT_OBJC_ISA_USAGE = YES_ERROR;
				CLANG_WARN_DOCUMENTATION_COMMENTS = YES;
				CLANG_WARN_EMPTY_BODY = YES;
				CLANG_WARN_ENUM_CONVERSION = YES;
				CLANG_WARN_INFINITE_RECURSION = YES;
				CLANG_WARN_INT_CONVERSION = YES;
				CLANG_WARN_NON_LITERAL_NULL_CONVERSION = YES;
				CLANG_WARN_OBJC_IMPLICIT_RETAIN_SELF = YES;
				CLANG_WARN_OBJC_LITERAL_CONVERSION = YES;
				CLANG_WARN_OBJC_ROOT_CLASS = YES_ERROR;
				CLANG_WARN_RANGE_LOOP_ANALYSIS = YES;
				CLANG_WARN_STRICT_PROTOTYPES = YES;
				CLANG_WARN_SUSPICIOUS_MOVE = YES;
				CLANG_WARN_UNGUARDED_AVAILABILITY = YES_AGGRESSIVE;
				CLANG_WARN_UNREACHABLE_CODE = YES;
				CLANG_WARN__DUPLICATE_METHOD_MATCH = YES;
				CODE_SIGN_IDENTITY = "iPhone Developer";
				COPY_PHASE_STRIP = NO;
				DEBUG_INFORMATION_FORMAT = dwarf;
				ENABLE_STRICT_OBJC_MSGSEND = YES;
				ENABLE_TESTABILITY = YES;
				GCC_C_LANGUAGE_STANDARD = gnu11;
				GCC_DYNAMIC_NO_PIC = NO;
				GCC_NO_COMMON_BLOCKS = YES;
				GCC_OPTIMIZATION_LEVEL = 0;
				GCC_PREPROCESSOR_DEFINITIONS = (
					"DEBUG=1",
					"$(inherited)",
				);
				GCC_WARN_64_TO_32_BIT_CONVERSION = YES;
				GCC_WARN_ABOUT_RETURN_TYPE = YES_ERROR;
				GCC_WARN_UNDECLARED_SELECTOR = YES;
				GCC_WARN_UNINITIALIZED_AUTOS = YES_AGGRESSIVE;
				GCC_WARN_UNUSED_FUNCTION = YES;
				GCC_WARN_UNUSED_VARIABLE = YES;
				IPHONEOS_DEPLOYMENT_TARGET = 12.1;
				MTL_ENABLE_DEBUG_INFO = INCLUDE_SOURCE;
				MTL_FAST_MATH = YES;
				ONLY_ACTIVE_ARCH = YES;
				SDKROOT = iphoneos;
			};
			name = Debug;
		};
		22A2C71A21B10D7900706985 /* Release */ = {
			isa = XCBuildConfiguration;
			buildSettings = {
				ALWAYS_SEARCH_USER_PATHS = NO;
				CLANG_ANALYZER_NONNULL = YES;
				CLANG_ANALYZER_NUMBER_OBJECT_CONVERSION = YES_AGGRESSIVE;
				CLANG_CXX_LANGUAGE_STANDARD = "gnu++14";
				CLANG_CXX_LIBRARY = "libc++";
				CLANG_ENABLE_MODULES = YES;
				CLANG_ENABLE_OBJC_ARC = YES;
				CLANG_ENABLE_OBJC_WEAK = YES;
				CLANG_WARN_BLOCK_CAPTURE_AUTORELEASING = YES;
				CLANG_WARN_BOOL_CONVERSION = YES;
				CLANG_WARN_COMMA = YES;
				CLANG_WARN_CONSTANT_CONVERSION = YES;
				CLANG_WARN_DEPRECATED_OBJC_IMPLEMENTATIONS = YES;
				CLANG_WARN_DIRECT_OBJC_ISA_USAGE = YES_ERROR;
				CLANG_WARN_DOCUMENTATION_COMMENTS = YES;
				CLANG_WARN_EMPTY_BODY = YES;
				CLANG_WARN_ENUM_CONVERSION = YES;
				CLANG_WARN_INFINITE_RECURSION = YES;
				CLANG_WARN_INT_CONVERSION = YES;
				CLANG_WARN_NON_LITERAL_NULL_CONVERSION = YES;
				CLANG_WARN_OBJC_IMPLICIT_RETAIN_SELF = YES;
				CLANG_WARN_OBJC_LITERAL_CONVERSION = YES;
				CLANG_WARN_OBJC_ROOT_CLASS = YES_ERROR;
				CLANG_WARN_RANGE_LOOP_ANALYSIS = YES;
				CLANG_WARN_STRICT_PROTOTYPES = YES;
				CLANG_WARN_SUSPICIOUS_MOVE = YES;
				CLANG_WARN_UNGUARDED_AVAILABILITY = YES_AGGRESSIVE;
				CLANG_WARN_UNREACHABLE_CODE = YES;
				CLANG_WARN__DUPLICATE_METHOD_MATCH = YES;
				CODE_SIGN_IDENTITY = "iPhone Developer";
				COPY_PHASE_STRIP = NO;
				DEBUG_INFORMATION_FORMAT = "dwarf-with-dsym";
				ENABLE_NS_ASSERTIONS = NO;
				ENABLE_STRICT_OBJC_MSGSEND = YES;
				GCC_C_LANGUAGE_STANDARD = gnu11;
				GCC_NO_COMMON_BLOCKS = YES;
				GCC_WARN_64_TO_32_BIT_CONVERSION = YES;
				GCC_WARN_ABOUT_RETURN_TYPE = YES_ERROR;
				GCC_WARN_UNDECLARED_SELECTOR = YES;
				GCC_WARN_UNINITIALIZED_AUTOS = YES_AGGRESSIVE;
				GCC_WARN_UNUSED_FUNCTION = YES;
				GCC_WARN_UNUSED_VARIABLE = YES;
				IPHONEOS_DEPLOYMENT_TARGET = 12.1;
				MTL_ENABLE_DEBUG_INFO = NO;
				MTL_FAST_MATH = YES;
				SDKROOT = iphoneos;
				VALIDATE_PRODUCT = YES;
			};
			name = Release;
		};
		22A2C71C21B10D7900706985 /* Debug */ = {
			isa = XCBuildConfiguration;
			baseConfigurationReference = E256E11427D5C734621DBF29 /* Pods-XiangYin.debug.xcconfig */;
			buildSettings = {
				ASSETCATALOG_COMPILER_APPICON_NAME = AppIcon;
				CODE_SIGN_STYLE = Automatic;
				DEVELOPMENT_TEAM = CNDZ5W46CP;
				GCC_PREFIX_HEADER = "$(SRCROOT)/XiangYin/XiangYin.pch";
				INFOPLIST_FILE = XiangYin/Info.plist;
				IPHONEOS_DEPLOYMENT_TARGET = 9.0;
				LD_RUNPATH_SEARCH_PATHS = (
					"$(inherited)",
					"@executable_path/Frameworks",
				);
				PRODUCT_BUNDLE_IDENTIFIER = lx.com.XiangYin;
				PRODUCT_NAME = "$(TARGET_NAME)";
				TARGETED_DEVICE_FAMILY = "1,2";
			};
			name = Debug;
		};
		22A2C71D21B10D7900706985 /* Release */ = {
			isa = XCBuildConfiguration;
			baseConfigurationReference = 8372611320943134463A9D29 /* Pods-XiangYin.release.xcconfig */;
			buildSettings = {
				ASSETCATALOG_COMPILER_APPICON_NAME = AppIcon;
				CODE_SIGN_STYLE = Automatic;
				DEVELOPMENT_TEAM = CNDZ5W46CP;
				GCC_PREFIX_HEADER = "$(SRCROOT)/XiangYin/XiangYin.pch";
				INFOPLIST_FILE = XiangYin/Info.plist;
				IPHONEOS_DEPLOYMENT_TARGET = 9.0;
				LD_RUNPATH_SEARCH_PATHS = (
					"$(inherited)",
					"@executable_path/Frameworks",
				);
				PRODUCT_BUNDLE_IDENTIFIER = lx.com.XiangYin;
				PRODUCT_NAME = "$(TARGET_NAME)";
				TARGETED_DEVICE_FAMILY = "1,2";
			};
			name = Release;
		};
		22A2C71F21B10D7900706985 /* Debug */ = {
			isa = XCBuildConfiguration;
			baseConfigurationReference = 5C717B44F2D08FEA0AB4B715 /* Pods-XiangYinTests.debug.xcconfig */;
			buildSettings = {
				BUNDLE_LOADER = "$(TEST_HOST)";
				CODE_SIGN_STYLE = Automatic;
				INFOPLIST_FILE = XiangYinTests/Info.plist;
				LD_RUNPATH_SEARCH_PATHS = (
					"$(inherited)",
					"@executable_path/Frameworks",
					"@loader_path/Frameworks",
				);
				PRODUCT_BUNDLE_IDENTIFIER = lx.com.XiangYinTests;
				PRODUCT_NAME = "$(TARGET_NAME)";
				TARGETED_DEVICE_FAMILY = "1,2";
				TEST_HOST = "$(BUILT_PRODUCTS_DIR)/XiangYin.app/XiangYin";
			};
			name = Debug;
		};
		22A2C72021B10D7900706985 /* Release */ = {
			isa = XCBuildConfiguration;
			baseConfigurationReference = AA4ACC84BD175CE12BC4A5E9 /* Pods-XiangYinTests.release.xcconfig */;
			buildSettings = {
				BUNDLE_LOADER = "$(TEST_HOST)";
				CODE_SIGN_STYLE = Automatic;
				INFOPLIST_FILE = XiangYinTests/Info.plist;
				LD_RUNPATH_SEARCH_PATHS = (
					"$(inherited)",
					"@executable_path/Frameworks",
					"@loader_path/Frameworks",
				);
				PRODUCT_BUNDLE_IDENTIFIER = lx.com.XiangYinTests;
				PRODUCT_NAME = "$(TARGET_NAME)";
				TARGETED_DEVICE_FAMILY = "1,2";
				TEST_HOST = "$(BUILT_PRODUCTS_DIR)/XiangYin.app/XiangYin";
			};
			name = Release;
		};
		22A2C72221B10D7900706985 /* Debug */ = {
			isa = XCBuildConfiguration;
			baseConfigurationReference = 91FF1015AC401D114A36EE42 /* Pods-XiangYinUITests.debug.xcconfig */;
			buildSettings = {
				CODE_SIGN_STYLE = Automatic;
				INFOPLIST_FILE = XiangYinUITests/Info.plist;
				LD_RUNPATH_SEARCH_PATHS = (
					"$(inherited)",
					"@executable_path/Frameworks",
					"@loader_path/Frameworks",
				);
				PRODUCT_BUNDLE_IDENTIFIER = lx.com.XiangYinUITests;
				PRODUCT_NAME = "$(TARGET_NAME)";
				TARGETED_DEVICE_FAMILY = "1,2";
				TEST_TARGET_NAME = XiangYin;
			};
			name = Debug;
		};
		22A2C72321B10D7900706985 /* Release */ = {
			isa = XCBuildConfiguration;
			baseConfigurationReference = 3F435B93B0CD2D18A6FF0793 /* Pods-XiangYinUITests.release.xcconfig */;
			buildSettings = {
				CODE_SIGN_STYLE = Automatic;
				INFOPLIST_FILE = XiangYinUITests/Info.plist;
				LD_RUNPATH_SEARCH_PATHS = (
					"$(inherited)",
					"@executable_path/Frameworks",
					"@loader_path/Frameworks",
				);
				PRODUCT_BUNDLE_IDENTIFIER = lx.com.XiangYinUITests;
				PRODUCT_NAME = "$(TARGET_NAME)";
				TARGETED_DEVICE_FAMILY = "1,2";
				TEST_TARGET_NAME = XiangYin;
			};
			name = Release;
		};
/* End XCBuildConfiguration section */

/* Begin XCConfigurationList section */
		22A2C6EA21B10D5400706985 /* Build configuration list for PBXProject "XiangYin" */ = {
			isa = XCConfigurationList;
			buildConfigurations = (
				22A2C71921B10D7900706985 /* Debug */,
				22A2C71A21B10D7900706985 /* Release */,
			);
			defaultConfigurationIsVisible = 0;
			defaultConfigurationName = Release;
		};
		22A2C71B21B10D7900706985 /* Build configuration list for PBXNativeTarget "XiangYin" */ = {
			isa = XCConfigurationList;
			buildConfigurations = (
				22A2C71C21B10D7900706985 /* Debug */,
				22A2C71D21B10D7900706985 /* Release */,
			);
			defaultConfigurationIsVisible = 0;
			defaultConfigurationName = Release;
		};
		22A2C71E21B10D7900706985 /* Build configuration list for PBXNativeTarget "XiangYinTests" */ = {
			isa = XCConfigurationList;
			buildConfigurations = (
				22A2C71F21B10D7900706985 /* Debug */,
				22A2C72021B10D7900706985 /* Release */,
			);
			defaultConfigurationIsVisible = 0;
			defaultConfigurationName = Release;
		};
		22A2C72121B10D7900706985 /* Build configuration list for PBXNativeTarget "XiangYinUITests" */ = {
			isa = XCConfigurationList;
			buildConfigurations = (
				22A2C72221B10D7900706985 /* Debug */,
				22A2C72321B10D7900706985 /* Release */,
			);
			defaultConfigurationIsVisible = 0;
			defaultConfigurationName = Release;
		};
/* End XCConfigurationList section */
	};
	rootObject = 22A2C6E721B10D5400706985 /* Project object */;
}
